<Solution>
  <Project Path="Lektion1RabbitMQReceive/Lektion1RabbitMQReceive.csproj" Id="4102bc92-c880-4192-a1a0-162aa56d735a" />
  <Project Path="Lektion1RabbitMQSend/Lektion1RabbitMQSend.csproj" />
  <Project Path="LufthavnGateInfo/LufthavnGateInfo.csproj" Id="4a6c03d6-5547-4c8d-b59d-39c7f07f7824" />
</Solution>
